// !$*UTF8*$!
{
	archiveVersion = 1;
	classes = {
	};
	objectVersion = 50;
	objects = {

/* Begin PBXBuildFile section */
		3714C39B270255D9007A3FD2 /* Assets.xcassets in Resources */ = {isa = PBXBuildFile; fileRef = 37B4B38A26F50AA400A8FB07 /* Assets.xcassets */; };
		3714C39D270277A0007A3FD2 /* CustomTabBar.swift in Sources */ = {isa = PBXBuildFile; fileRef = 3714C39C2702779F007A3FD2 /* CustomTabBar.swift */; };
		3766845D26FEA65800F9BF58 /* CourseGridCell.swift in Sources */ = {isa = PBXBuildFile; fileRef = 3766845C26FEA65800F9BF58 /* CourseGridCell.swift */; };
		3766845F2701664100F9BF58 /* CourseProgressTag.swift in Sources */ = {isa = PBXBuildFile; fileRef = 3766845E2701664100F9BF58 /* CourseProgressTag.swift */; };
		376684612702269E00F9BF58 /* CourseDetailViewModel.swift in Sources */ = {isa = PBXBuildFile; fileRef = 376684602702269E00F9BF58 /* CourseDetailViewModel.swift */; };
		3768211A2704EC3900D06EBC /* TemplateCourseGridCell.swift in Sources */ = {isa = PBXBuildFile; fileRef = 376821192704EC3900D06EBC /* TemplateCourseGridCell.swift */; };
		3768211C2704F74100D06EBC /* TemplateCourseCell.swift in Sources */ = {isa = PBXBuildFile; fileRef = 3768211B2704F74100D06EBC /* TemplateCourseCell.swift */; };
		3768211E2704FBCC00D06EBC /* TemplateAssignmentRow.swift in Sources */ = {isa = PBXBuildFile; fileRef = 3768211D2704FBCC00D06EBC /* TemplateAssignmentRow.swift */; };
		376821202706253100D06EBC /* RoundedCorners.swift in Sources */ = {isa = PBXBuildFile; fileRef = 3768211F2706253100D06EBC /* RoundedCorners.swift */; };
		37682122270629CE00D06EBC /* ExamsList.swift in Sources */ = {isa = PBXBuildFile; fileRef = 37682121270629CE00D06EBC /* ExamsList.swift */; };
		37682124270629FC00D06EBC /* ExamCell.swift in Sources */ = {isa = PBXBuildFile; fileRef = 37682123270629FC00D06EBC /* ExamCell.swift */; };
		376A02B326FA7A6C0077297E /* CourseDetail.swift in Sources */ = {isa = PBXBuildFile; fileRef = 376A02B226FA7A6C0077297E /* CourseDetail.swift */; };
		376A02B526FA85220077297E /* CourseDetailNavigationBar.swift in Sources */ = {isa = PBXBuildFile; fileRef = 376A02B426FA85220077297E /* CourseDetailNavigationBar.swift */; };
		376A02B726FA87F40077297E /* CourseDetailHeader.swift in Sources */ = {isa = PBXBuildFile; fileRef = 376A02B626FA87F40077297E /* CourseDetailHeader.swift */; };
		37AB0CBA27062CA200E3BF3C /* ExamService.swift in Sources */ = {isa = PBXBuildFile; fileRef = 37AB0CB927062CA200E3BF3C /* ExamService.swift */; };
		37AB0CBC2706310B00E3BF3C /* ExamsHeader.swift in Sources */ = {isa = PBXBuildFile; fileRef = 37AB0CBB2706310B00E3BF3C /* ExamsHeader.swift */; };
		37AB0CBF270632CC00E3BF3C /* AddExamView.swift in Sources */ = {isa = PBXBuildFile; fileRef = 37AB0CBE270632CC00E3BF3C /* AddExamView.swift */; };
		37AB0CC1270632D900E3BF3C /* AddExamHeader.swift in Sources */ = {isa = PBXBuildFile; fileRef = 37AB0CC0270632D900E3BF3C /* AddExamHeader.swift */; };
		37AB0CC32706496700E3BF3C /* TemplateExamCell.swift in Sources */ = {isa = PBXBuildFile; fileRef = 37AB0CC22706496700E3BF3C /* TemplateExamCell.swift */; };
		37B4B38726F50AA100A8FB07 /* StudyHelperApp.swift in Sources */ = {isa = PBXBuildFile; fileRef = 37B4B38626F50AA100A8FB07 /* StudyHelperApp.swift */; };
		37B4B38926F50AA100A8FB07 /* ContentView.swift in Sources */ = {isa = PBXBuildFile; fileRef = 37B4B38826F50AA100A8FB07 /* ContentView.swift */; };
		37B4B38E26F50AA400A8FB07 /* Preview Assets.xcassets in Resources */ = {isa = PBXBuildFile; fileRef = 37B4B38D26F50AA400A8FB07 /* Preview Assets.xcassets */; };
		37B4B39026F50AA400A8FB07 /* Persistence.swift in Sources */ = {isa = PBXBuildFile; fileRef = 37B4B38F26F50AA400A8FB07 /* Persistence.swift */; };
		37B4B39326F50AA500A8FB07 /* StudyHelper.xcdatamodeld in Sources */ = {isa = PBXBuildFile; fileRef = 37B4B39126F50AA500A8FB07 /* StudyHelper.xcdatamodeld */; };
		37B4B39C26F50CA600A8FB07 /* HomeView.swift in Sources */ = {isa = PBXBuildFile; fileRef = 37B4B39B26F50CA600A8FB07 /* HomeView.swift */; };
		37B4B39E26F50D7C00A8FB07 /* CoursesViewTitle.swift in Sources */ = {isa = PBXBuildFile; fileRef = 37B4B39D26F50D7C00A8FB07 /* CoursesViewTitle.swift */; };
		37B4B3A026F516D700A8FB07 /* CoursesScrollView.swift in Sources */ = {isa = PBXBuildFile; fileRef = 37B4B39F26F516D700A8FB07 /* CoursesScrollView.swift */; };
		37B4B3A226F51AC900A8FB07 /* CourseCell.swift in Sources */ = {isa = PBXBuildFile; fileRef = 37B4B3A126F51AC900A8FB07 /* CourseCell.swift */; };
		37B4B3A526F51B3D00A8FB07 /* Colors.swift in Sources */ = {isa = PBXBuildFile; fileRef = 37B4B3A426F51B3D00A8FB07 /* Colors.swift */; };
		37B4B3A726F5288200A8FB07 /* TimeManager.swift in Sources */ = {isa = PBXBuildFile; fileRef = 37B4B3A626F5288200A8FB07 /* TimeManager.swift */; };
		37B4B3A926F5365200A8FB07 /* DashboardProfileView.swift in Sources */ = {isa = PBXBuildFile; fileRef = 37B4B3A826F5365200A8FB07 /* DashboardProfileView.swift */; };
		37DB7F5226FADF2A007B1C0F /* AssignmentList.swift in Sources */ = {isa = PBXBuildFile; fileRef = 37DB7F5126FADF2A007B1C0F /* AssignmentList.swift */; };
		37DB7F5626FB9467007B1C0F /* AssignmentRow.swift in Sources */ = {isa = PBXBuildFile; fileRef = 37DB7F5526FB9467007B1C0F /* AssignmentRow.swift */; };
		37DB7F5826FB9BF3007B1C0F /* CheckBox.swift in Sources */ = {isa = PBXBuildFile; fileRef = 37DB7F5726FB9BF3007B1C0F /* CheckBox.swift */; };
		37DB7F5A26FBA145007B1C0F /* ConditionalModifiers.swift in Sources */ = {isa = PBXBuildFile; fileRef = 37DB7F5926FBA145007B1C0F /* ConditionalModifiers.swift */; };
		37DB7F5C26FBA6D4007B1C0F /* DueSoonHeader.swift in Sources */ = {isa = PBXBuildFile; fileRef = 37DB7F5B26FBA6D4007B1C0F /* DueSoonHeader.swift */; };
		37DB7F5F26FBB61C007B1C0F /* AssignmentsService.swift in Sources */ = {isa = PBXBuildFile; fileRef = 37DB7F5E26FBB61C007B1C0F /* AssignmentsService.swift */; };
		37DB7F6226FBBE9D007B1C0F /* AddAssignmentView.swift in Sources */ = {isa = PBXBuildFile; fileRef = 37DB7F6126FBBE9D007B1C0F /* AddAssignmentView.swift */; };
		37DB7F6426FBC10E007B1C0F /* AddAssignmentHeader.swift in Sources */ = {isa = PBXBuildFile; fileRef = 37DB7F6326FBC10E007B1C0F /* AddAssignmentHeader.swift */; };
		37DB7F6626FD178B007B1C0F /* IconSelector.swift in Sources */ = {isa = PBXBuildFile; fileRef = 37DB7F6526FD178B007B1C0F /* IconSelector.swift */; };
		37F5B0C626F54A0000C3BA0A /* Time.swift in Sources */ = {isa = PBXBuildFile; fileRef = 37F5B0C526F54A0000C3BA0A /* Time.swift */; };
		37F5B0CB26F5AAD400C3BA0A /* AllCoursesView.swift in Sources */ = {isa = PBXBuildFile; fileRef = 37F5B0CA26F5AAD400C3BA0A /* AllCoursesView.swift */; };
		37F5B0CD26F5AEA400C3BA0A /* AllCoursesGrid.swift in Sources */ = {isa = PBXBuildFile; fileRef = 37F5B0CC26F5AEA400C3BA0A /* AllCoursesGrid.swift */; };
		37F5B0CF26F6268C00C3BA0A /* AllCoursesHeader.swift in Sources */ = {isa = PBXBuildFile; fileRef = 37F5B0CE26F6268C00C3BA0A /* AllCoursesHeader.swift */; };
		37F5B0D226F7A71A00C3BA0A /* AddCourseView.swift in Sources */ = {isa = PBXBuildFile; fileRef = 37F5B0D126F7A71A00C3BA0A /* AddCourseView.swift */; };
		37F5B0D426F7A91400C3BA0A /* InfoField.swift in Sources */ = {isa = PBXBuildFile; fileRef = 37F5B0D326F7A91400C3BA0A /* InfoField.swift */; };
		37F5B0D626F7BA0900C3BA0A /* TimeSelector.swift in Sources */ = {isa = PBXBuildFile; fileRef = 37F5B0D526F7BA0900C3BA0A /* TimeSelector.swift */; };
		37F5B0DA26F7DD3600C3BA0A /* InfoSection.swift in Sources */ = {isa = PBXBuildFile; fileRef = 37F5B0D926F7DD3600C3BA0A /* InfoSection.swift */; };
		37F5B0DC26F7EC9B00C3BA0A /* AddCourseHeader.swift in Sources */ = {isa = PBXBuildFile; fileRef = 37F5B0DB26F7EC9B00C3BA0A /* AddCourseHeader.swift */; };
		37F5B0DE26F7F13E00C3BA0A /* CallToActionButton.swift in Sources */ = {isa = PBXBuildFile; fileRef = 37F5B0DD26F7F13E00C3BA0A /* CallToActionButton.swift */; };
		37F5B0EB26F9367B00C3BA0A /* AddCourseViewModel.swift in Sources */ = {isa = PBXBuildFile; fileRef = 37F5B0EA26F9367B00C3BA0A /* AddCourseViewModel.swift */; };
		37F5B0ED26F942FB00C3BA0A /* AppEnvironment.swift in Sources */ = {isa = PBXBuildFile; fileRef = 37F5B0EC26F942FB00C3BA0A /* AppEnvironment.swift */; };
		37F5B0F026FA3DB300C3BA0A /* Banner.swift in Sources */ = {isa = PBXBuildFile; fileRef = 37F5B0EF26FA3DB300C3BA0A /* Banner.swift */; };
		37F5B0F226FA47FF00C3BA0A /* WeekDaySelector.swift in Sources */ = {isa = PBXBuildFile; fileRef = 37F5B0F126FA47FE00C3BA0A /* WeekDaySelector.swift */; };
		37F5B0F426FA488800C3BA0A /* ToggleButton.swift in Sources */ = {isa = PBXBuildFile; fileRef = 37F5B0F326FA488800C3BA0A /* ToggleButton.swift */; };
/* End PBXBuildFile section */

/* Begin PBXFileReference section */
		3714C39C2702779F007A3FD2 /* CustomTabBar.swift */ = {isa = PBXFileReference; lastKnownFileType = sourcecode.swift; path = CustomTabBar.swift; sourceTree = "<group>"; };
		3766845C26FEA65800F9BF58 /* CourseGridCell.swift */ = {isa = PBXFileReference; lastKnownFileType = sourcecode.swift; path = CourseGridCell.swift; sourceTree = "<group>"; };
		3766845E2701664100F9BF58 /* CourseProgressTag.swift */ = {isa = PBXFileReference; lastKnownFileType = sourcecode.swift; path = CourseProgressTag.swift; sourceTree = "<group>"; };
		376684602702269E00F9BF58 /* CourseDetailViewModel.swift */ = {isa = PBXFileReference; lastKnownFileType = sourcecode.swift; path = CourseDetailViewModel.swift; sourceTree = "<group>"; };
		376821192704EC3900D06EBC /* TemplateCourseGridCell.swift */ = {isa = PBXFileReference; lastKnownFileType = sourcecode.swift; path = TemplateCourseGridCell.swift; sourceTree = "<group>"; };
		3768211B2704F74100D06EBC /* TemplateCourseCell.swift */ = {isa = PBXFileReference; lastKnownFileType = sourcecode.swift; path = TemplateCourseCell.swift; sourceTree = "<group>"; };
		3768211D2704FBCC00D06EBC /* TemplateAssignmentRow.swift */ = {isa = PBXFileReference; lastKnownFileType = sourcecode.swift; path = TemplateAssignmentRow.swift; sourceTree = "<group>"; };
		3768211F2706253100D06EBC /* RoundedCorners.swift */ = {isa = PBXFileReference; lastKnownFileType = sourcecode.swift; path = RoundedCorners.swift; sourceTree = "<group>"; };
		37682121270629CE00D06EBC /* ExamsList.swift */ = {isa = PBXFileReference; lastKnownFileType = sourcecode.swift; path = ExamsList.swift; sourceTree = "<group>"; };
		37682123270629FC00D06EBC /* ExamCell.swift */ = {isa = PBXFileReference; lastKnownFileType = sourcecode.swift; path = ExamCell.swift; sourceTree = "<group>"; };
		376A02B226FA7A6C0077297E /* CourseDetail.swift */ = {isa = PBXFileReference; lastKnownFileType = sourcecode.swift; path = CourseDetail.swift; sourceTree = "<group>"; };
		376A02B426FA85220077297E /* CourseDetailNavigationBar.swift */ = {isa = PBXFileReference; lastKnownFileType = sourcecode.swift; path = CourseDetailNavigationBar.swift; sourceTree = "<group>"; };
		376A02B626FA87F40077297E /* CourseDetailHeader.swift */ = {isa = PBXFileReference; lastKnownFileType = sourcecode.swift; path = CourseDetailHeader.swift; sourceTree = "<group>"; };
		37AB0CB927062CA200E3BF3C /* ExamService.swift */ = {isa = PBXFileReference; lastKnownFileType = sourcecode.swift; path = ExamService.swift; sourceTree = "<group>"; };
		37AB0CBB2706310B00E3BF3C /* ExamsHeader.swift */ = {isa = PBXFileReference; lastKnownFileType = sourcecode.swift; path = ExamsHeader.swift; sourceTree = "<group>"; };
		37AB0CBE270632CC00E3BF3C /* AddExamView.swift */ = {isa = PBXFileReference; lastKnownFileType = sourcecode.swift; path = AddExamView.swift; sourceTree = "<group>"; };
		37AB0CC0270632D900E3BF3C /* AddExamHeader.swift */ = {isa = PBXFileReference; lastKnownFileType = sourcecode.swift; path = AddExamHeader.swift; sourceTree = "<group>"; };
		37AB0CC22706496700E3BF3C /* TemplateExamCell.swift */ = {isa = PBXFileReference; lastKnownFileType = sourcecode.swift; path = TemplateExamCell.swift; sourceTree = "<group>"; };
		37B4B38326F50AA100A8FB07 /* StudyHelper.app */ = {isa = PBXFileReference; explicitFileType = wrapper.application; includeInIndex = 0; path = StudyHelper.app; sourceTree = BUILT_PRODUCTS_DIR; };
		37B4B38626F50AA100A8FB07 /* StudyHelperApp.swift */ = {isa = PBXFileReference; lastKnownFileType = sourcecode.swift; path = StudyHelperApp.swift; sourceTree = "<group>"; };
		37B4B38826F50AA100A8FB07 /* ContentView.swift */ = {isa = PBXFileReference; lastKnownFileType = sourcecode.swift; path = ContentView.swift; sourceTree = "<group>"; };
		37B4B38A26F50AA400A8FB07 /* Assets.xcassets */ = {isa = PBXFileReference; lastKnownFileType = folder.assetcatalog; path = Assets.xcassets; sourceTree = "<group>"; };
		37B4B38D26F50AA400A8FB07 /* Preview Assets.xcassets */ = {isa = PBXFileReference; lastKnownFileType = folder.assetcatalog; path = "Preview Assets.xcassets"; sourceTree = "<group>"; };
		37B4B38F26F50AA400A8FB07 /* Persistence.swift */ = {isa = PBXFileReference; lastKnownFileType = sourcecode.swift; path = Persistence.swift; sourceTree = "<group>"; };
		37B4B39226F50AA500A8FB07 /* StudyHelper.xcdatamodel */ = {isa = PBXFileReference; lastKnownFileType = wrapper.xcdatamodel; path = StudyHelper.xcdatamodel; sourceTree = "<group>"; };
		37B4B39426F50AA500A8FB07 /* Info.plist */ = {isa = PBXFileReference; lastKnownFileType = text.plist.xml; path = Info.plist; sourceTree = "<group>"; };
		37B4B39B26F50CA600A8FB07 /* HomeView.swift */ = {isa = PBXFileReference; lastKnownFileType = sourcecode.swift; path = HomeView.swift; sourceTree = "<group>"; };
		37B4B39D26F50D7C00A8FB07 /* CoursesViewTitle.swift */ = {isa = PBXFileReference; lastKnownFileType = sourcecode.swift; path = CoursesViewTitle.swift; sourceTree = "<group>"; };
		37B4B39F26F516D700A8FB07 /* CoursesScrollView.swift */ = {isa = PBXFileReference; lastKnownFileType = sourcecode.swift; path = CoursesScrollView.swift; sourceTree = "<group>"; };
		37B4B3A126F51AC900A8FB07 /* CourseCell.swift */ = {isa = PBXFileReference; lastKnownFileType = sourcecode.swift; path = CourseCell.swift; sourceTree = "<group>"; };
		37B4B3A426F51B3D00A8FB07 /* Colors.swift */ = {isa = PBXFileReference; lastKnownFileType = sourcecode.swift; path = Colors.swift; sourceTree = "<group>"; };
		37B4B3A626F5288200A8FB07 /* TimeManager.swift */ = {isa = PBXFileReference; lastKnownFileType = sourcecode.swift; path = TimeManager.swift; sourceTree = "<group>"; };
		37B4B3A826F5365200A8FB07 /* DashboardProfileView.swift */ = {isa = PBXFileReference; lastKnownFileType = sourcecode.swift; path = DashboardProfileView.swift; sourceTree = "<group>"; };
		37DB7F5126FADF2A007B1C0F /* AssignmentList.swift */ = {isa = PBXFileReference; lastKnownFileType = sourcecode.swift; path = AssignmentList.swift; sourceTree = "<group>"; };
		37DB7F5526FB9467007B1C0F /* AssignmentRow.swift */ = {isa = PBXFileReference; lastKnownFileType = sourcecode.swift; path = AssignmentRow.swift; sourceTree = "<group>"; };
		37DB7F5726FB9BF3007B1C0F /* CheckBox.swift */ = {isa = PBXFileReference; lastKnownFileType = sourcecode.swift; path = CheckBox.swift; sourceTree = "<group>"; };
		37DB7F5926FBA145007B1C0F /* ConditionalModifiers.swift */ = {isa = PBXFileReference; lastKnownFileType = sourcecode.swift; path = ConditionalModifiers.swift; sourceTree = "<group>"; };
		37DB7F5B26FBA6D4007B1C0F /* DueSoonHeader.swift */ = {isa = PBXFileReference; lastKnownFileType = sourcecode.swift; path = DueSoonHeader.swift; sourceTree = "<group>"; };
		37DB7F5E26FBB61C007B1C0F /* AssignmentsService.swift */ = {isa = PBXFileReference; lastKnownFileType = sourcecode.swift; path = AssignmentsService.swift; sourceTree = "<group>"; };
		37DB7F6126FBBE9D007B1C0F /* AddAssignmentView.swift */ = {isa = PBXFileReference; lastKnownFileType = sourcecode.swift; path = AddAssignmentView.swift; sourceTree = "<group>"; };
		37DB7F6326FBC10E007B1C0F /* AddAssignmentHeader.swift */ = {isa = PBXFileReference; lastKnownFileType = sourcecode.swift; path = AddAssignmentHeader.swift; sourceTree = "<group>"; };
		37DB7F6526FD178B007B1C0F /* IconSelector.swift */ = {isa = PBXFileReference; lastKnownFileType = sourcecode.swift; path = IconSelector.swift; sourceTree = "<group>"; };
		37F5B0C526F54A0000C3BA0A /* Time.swift */ = {isa = PBXFileReference; lastKnownFileType = sourcecode.swift; path = Time.swift; sourceTree = "<group>"; };
		37F5B0CA26F5AAD400C3BA0A /* AllCoursesView.swift */ = {isa = PBXFileReference; lastKnownFileType = sourcecode.swift; path = AllCoursesView.swift; sourceTree = "<group>"; };
		37F5B0CC26F5AEA400C3BA0A /* AllCoursesGrid.swift */ = {isa = PBXFileReference; lastKnownFileType = sourcecode.swift; path = AllCoursesGrid.swift; sourceTree = "<group>"; };
		37F5B0CE26F6268C00C3BA0A /* AllCoursesHeader.swift */ = {isa = PBXFileReference; lastKnownFileType = sourcecode.swift; path = AllCoursesHeader.swift; sourceTree = "<group>"; };
		37F5B0D126F7A71A00C3BA0A /* AddCourseView.swift */ = {isa = PBXFileReference; lastKnownFileType = sourcecode.swift; path = AddCourseView.swift; sourceTree = "<group>"; };
		37F5B0D326F7A91400C3BA0A /* InfoField.swift */ = {isa = PBXFileReference; lastKnownFileType = sourcecode.swift; path = InfoField.swift; sourceTree = "<group>"; };
		37F5B0D526F7BA0900C3BA0A /* TimeSelector.swift */ = {isa = PBXFileReference; lastKnownFileType = sourcecode.swift; path = TimeSelector.swift; sourceTree = "<group>"; };
		37F5B0D926F7DD3600C3BA0A /* InfoSection.swift */ = {isa = PBXFileReference; lastKnownFileType = sourcecode.swift; path = InfoSection.swift; sourceTree = "<group>"; };
		37F5B0DB26F7EC9B00C3BA0A /* AddCourseHeader.swift */ = {isa = PBXFileReference; lastKnownFileType = sourcecode.swift; path = AddCourseHeader.swift; sourceTree = "<group>"; };
		37F5B0DD26F7F13E00C3BA0A /* CallToActionButton.swift */ = {isa = PBXFileReference; lastKnownFileType = sourcecode.swift; path = CallToActionButton.swift; sourceTree = "<group>"; };
		37F5B0EA26F9367B00C3BA0A /* AddCourseViewModel.swift */ = {isa = PBXFileReference; lastKnownFileType = sourcecode.swift; path = AddCourseViewModel.swift; sourceTree = "<group>"; };
		37F5B0EC26F942FB00C3BA0A /* AppEnvironment.swift */ = {isa = PBXFileReference; lastKnownFileType = sourcecode.swift; path = AppEnvironment.swift; sourceTree = "<group>"; };
		37F5B0EF26FA3DB300C3BA0A /* Banner.swift */ = {isa = PBXFileReference; lastKnownFileType = sourcecode.swift; path = Banner.swift; sourceTree = "<group>"; };
		37F5B0F126FA47FE00C3BA0A /* WeekDaySelector.swift */ = {isa = PBXFileReference; lastKnownFileType = sourcecode.swift; path = WeekDaySelector.swift; sourceTree = "<group>"; };
		37F5B0F326FA488800C3BA0A /* ToggleButton.swift */ = {isa = PBXFileReference; lastKnownFileType = sourcecode.swift; path = ToggleButton.swift; sourceTree = "<group>"; };
/* End PBXFileReference section */

/* Begin PBXFrameworksBuildPhase section */
		37B4B38026F50AA100A8FB07 /* Frameworks */ = {
			isa = PBXFrameworksBuildPhase;
			buildActionMask = 2147483647;
			files = (
			);
			runOnlyForDeploymentPostprocessing = 0;
		};
/* End PBXFrameworksBuildPhase section */

/* Begin PBXGroup section */
		376A02B126FA7A600077297E /* CourseDetail */ = {
			isa = PBXGroup;
			children = (
				376A02B226FA7A6C0077297E /* CourseDetail.swift */,
				376A02B626FA87F40077297E /* CourseDetailHeader.swift */,
				376A02B426FA85220077297E /* CourseDetailNavigationBar.swift */,
			);
			path = CourseDetail;
			sourceTree = "<group>";
		};
		37AB0CBD270632A100E3BF3C /* AddExamView */ = {
			isa = PBXGroup;
			children = (
				37AB0CBE270632CC00E3BF3C /* AddExamView.swift */,
				37AB0CC0270632D900E3BF3C /* AddExamHeader.swift */,
			);
			path = AddExamView;
			sourceTree = "<group>";
		};
		37B4B37A26F50AA100A8FB07 = {
			isa = PBXGroup;
			children = (
				37B4B38526F50AA100A8FB07 /* StudyHelper */,
				37B4B38426F50AA100A8FB07 /* Products */,
			);
			sourceTree = "<group>";
		};
		37B4B38426F50AA100A8FB07 /* Products */ = {
			isa = PBXGroup;
			children = (
				37B4B38326F50AA100A8FB07 /* StudyHelper.app */,
			);
			name = Products;
			sourceTree = "<group>";
		};
		37B4B38526F50AA100A8FB07 /* StudyHelper */ = {
			isa = PBXGroup;
			children = (
				37B4B38626F50AA100A8FB07 /* StudyHelperApp.swift */,
				37B4B38826F50AA100A8FB07 /* ContentView.swift */,
				37DB7F5D26FBB5FD007B1C0F /* Services */,
				37B4B3A326F51B2F00A8FB07 /* Helpers */,
				37F5B0C426F549F600C3BA0A /* Models */,
				37F5B0E126F81DC800C3BA0A /* ViewModels */,
				37F5B0DF26F81DA100C3BA0A /* Views */,
				37B4B38A26F50AA400A8FB07 /* Assets.xcassets */,
				37B4B38F26F50AA400A8FB07 /* Persistence.swift */,
				37B4B39426F50AA500A8FB07 /* Info.plist */,
				37B4B39126F50AA500A8FB07 /* StudyHelper.xcdatamodeld */,
				37B4B38C26F50AA400A8FB07 /* Preview Content */,
			);
			path = StudyHelper;
			sourceTree = "<group>";
		};
		37B4B38C26F50AA400A8FB07 /* Preview Content */ = {
			isa = PBXGroup;
			children = (
				37B4B38D26F50AA400A8FB07 /* Preview Assets.xcassets */,
			);
			path = "Preview Content";
			sourceTree = "<group>";
		};
		37B4B39A26F50C7900A8FB07 /* HomeView */ = {
			isa = PBXGroup;
			children = (
				37B4B39B26F50CA600A8FB07 /* HomeView.swift */,
				37AB0CBB2706310B00E3BF3C /* ExamsHeader.swift */,
				37DB7F5B26FBA6D4007B1C0F /* DueSoonHeader.swift */,
				37B4B39D26F50D7C00A8FB07 /* CoursesViewTitle.swift */,
				37B4B3A826F5365200A8FB07 /* DashboardProfileView.swift */,
				37682121270629CE00D06EBC /* ExamsList.swift */,
				37682123270629FC00D06EBC /* ExamCell.swift */,
				37B4B3A626F5288200A8FB07 /* TimeManager.swift */,
				37B4B39F26F516D700A8FB07 /* CoursesScrollView.swift */,
				3768211B2704F74100D06EBC /* TemplateCourseCell.swift */,
				37B4B3A126F51AC900A8FB07 /* CourseCell.swift */,
				3766845E2701664100F9BF58 /* CourseProgressTag.swift */,
			);
			path = HomeView;
			sourceTree = "<group>";
		};
		37B4B3A326F51B2F00A8FB07 /* Helpers */ = {
			isa = PBXGroup;
			children = (
				37B4B3A426F51B3D00A8FB07 /* Colors.swift */,
				3768211F2706253100D06EBC /* RoundedCorners.swift */,
				37DB7F5926FBA145007B1C0F /* ConditionalModifiers.swift */,
			);
			path = Helpers;
			sourceTree = "<group>";
		};
		37DB7F5D26FBB5FD007B1C0F /* Services */ = {
			isa = PBXGroup;
			children = (
				37DB7F5E26FBB61C007B1C0F /* AssignmentsService.swift */,
				37AB0CB927062CA200E3BF3C /* ExamService.swift */,
			);
			path = Services;
			sourceTree = "<group>";
		};
		37DB7F6026FBBE8B007B1C0F /* AddAssignmentView */ = {
			isa = PBXGroup;
			children = (
				37DB7F6126FBBE9D007B1C0F /* AddAssignmentView.swift */,
				37DB7F6326FBC10E007B1C0F /* AddAssignmentHeader.swift */,
			);
			path = AddAssignmentView;
			sourceTree = "<group>";
		};
		37F5B0C426F549F600C3BA0A /* Models */ = {
			isa = PBXGroup;
			children = (
				37F5B0C526F54A0000C3BA0A /* Time.swift */,
			);
			path = Models;
			sourceTree = "<group>";
		};
		37F5B0C926F5AAB800C3BA0A /* AllCourses */ = {
			isa = PBXGroup;
			children = (
				37F5B0CA26F5AAD400C3BA0A /* AllCoursesView.swift */,
				37F5B0CE26F6268C00C3BA0A /* AllCoursesHeader.swift */,
				37F5B0CC26F5AEA400C3BA0A /* AllCoursesGrid.swift */,
				3766845C26FEA65800F9BF58 /* CourseGridCell.swift */,
				376821192704EC3900D06EBC /* TemplateCourseGridCell.swift */,
			);
			path = AllCourses;
			sourceTree = "<group>";
		};
		37F5B0D026F7A70300C3BA0A /* AddCourseView */ = {
			isa = PBXGroup;
			children = (
				37F5B0D126F7A71A00C3BA0A /* AddCourseView.swift */,
				37F5B0DB26F7EC9B00C3BA0A /* AddCourseHeader.swift */,
			);
			path = AddCourseView;
			sourceTree = "<group>";
		};
		37F5B0DF26F81DA100C3BA0A /* Views */ = {
			isa = PBXGroup;
			children = (
				37AB0CBD270632A100E3BF3C /* AddExamView */,
				37DB7F6026FBBE8B007B1C0F /* AddAssignmentView */,
				376A02B126FA7A600077297E /* CourseDetail */,
				37F5B0EE26FA3D8700C3BA0A /* Other */,
				37F5B0D026F7A70300C3BA0A /* AddCourseView */,
				37F5B0C926F5AAB800C3BA0A /* AllCourses */,
				37B4B39A26F50C7900A8FB07 /* HomeView */,
			);
			path = Views;
			sourceTree = "<group>";
		};
		37F5B0E126F81DC800C3BA0A /* ViewModels */ = {
			isa = PBXGroup;
			children = (
				37F5B0EA26F9367B00C3BA0A /* AddCourseViewModel.swift */,
				37F5B0EC26F942FB00C3BA0A /* AppEnvironment.swift */,
				376684602702269E00F9BF58 /* CourseDetailViewModel.swift */,
			);
			path = ViewModels;
			sourceTree = "<group>";
		};
		37F5B0EE26FA3D8700C3BA0A /* Other */ = {
			isa = PBXGroup;
			children = (
				37DB7F5126FADF2A007B1C0F /* AssignmentList.swift */,
				3768211D2704FBCC00D06EBC /* TemplateAssignmentRow.swift */,
				37AB0CC22706496700E3BF3C /* TemplateExamCell.swift */,
				37DB7F5726FB9BF3007B1C0F /* CheckBox.swift */,
				3714C39C2702779F007A3FD2 /* CustomTabBar.swift */,
				37DB7F5526FB9467007B1C0F /* AssignmentRow.swift */,
				37F5B0EF26FA3DB300C3BA0A /* Banner.swift */,
				37F5B0F326FA488800C3BA0A /* ToggleButton.swift */,
				37F5B0F126FA47FE00C3BA0A /* WeekDaySelector.swift */,
				37F5B0D326F7A91400C3BA0A /* InfoField.swift */,
				37F5B0D526F7BA0900C3BA0A /* TimeSelector.swift */,
				37DB7F6526FD178B007B1C0F /* IconSelector.swift */,
				37F5B0D926F7DD3600C3BA0A /* InfoSection.swift */,
				37F5B0DD26F7F13E00C3BA0A /* CallToActionButton.swift */,
			);
			path = Other;
			sourceTree = "<group>";
		};
/* End PBXGroup section */

/* Begin PBXNativeTarget section */
		37B4B38226F50AA100A8FB07 /* StudyHelper */ = {
			isa = PBXNativeTarget;
			buildConfigurationList = 37B4B39726F50AA500A8FB07 /* Build configuration list for PBXNativeTarget "StudyHelper" */;
			buildPhases = (
				37B4B37F26F50AA100A8FB07 /* Sources */,
				37B4B38026F50AA100A8FB07 /* Frameworks */,
				37B4B38126F50AA100A8FB07 /* Resources */,
			);
			buildRules = (
			);
			dependencies = (
			);
			name = StudyHelper;
			productName = StudyHelper;
			productReference = 37B4B38326F50AA100A8FB07 /* StudyHelper.app */;
			productType = "com.apple.product-type.application";
		};
/* End PBXNativeTarget section */

/* Begin PBXProject section */
		37B4B37B26F50AA100A8FB07 /* Project object */ = {
			isa = PBXProject;
			attributes = {
				LastSwiftUpdateCheck = 1250;
				LastUpgradeCheck = 1250;
				TargetAttributes = {
					37B4B38226F50AA100A8FB07 = {
						CreatedOnToolsVersion = 12.5;
					};
				};
			};
			buildConfigurationList = 37B4B37E26F50AA100A8FB07 /* Build configuration list for PBXProject "StudyHelper" */;
			compatibilityVersion = "Xcode 9.3";
			developmentRegion = en;
			hasScannedForEncodings = 0;
			knownRegions = (
				en,
				Base,
			);
			mainGroup = 37B4B37A26F50AA100A8FB07;
			productRefGroup = 37B4B38426F50AA100A8FB07 /* Products */;
			projectDirPath = "";
			projectRoot = "";
			targets = (
				37B4B38226F50AA100A8FB07 /* StudyHelper */,
			);
		};
/* End PBXProject section */

/* Begin PBXResourcesBuildPhase section */
		37B4B38126F50AA100A8FB07 /* Resources */ = {
			isa = PBXResourcesBuildPhase;
			buildActionMask = 2147483647;
			files = (
				3714C39B270255D9007A3FD2 /* Assets.xcassets in Resources */,
				37B4B38E26F50AA400A8FB07 /* Preview Assets.xcassets in Resources */,
			);
			runOnlyForDeploymentPostprocessing = 0;
		};
/* End PBXResourcesBuildPhase section */

/* Begin PBXSourcesBuildPhase section */
		37B4B37F26F50AA100A8FB07 /* Sources */ = {
			isa = PBXSourcesBuildPhase;
			buildActionMask = 2147483647;
			files = (
				37DB7F5226FADF2A007B1C0F /* AssignmentList.swift in Sources */,
				3766845D26FEA65800F9BF58 /* CourseGridCell.swift in Sources */,
				376821202706253100D06EBC /* RoundedCorners.swift in Sources */,
				376A02B326FA7A6C0077297E /* CourseDetail.swift in Sources */,
				37F5B0C626F54A0000C3BA0A /* Time.swift in Sources */,
				37F5B0EB26F9367B00C3BA0A /* AddCourseViewModel.swift in Sources */,
				37F5B0D626F7BA0900C3BA0A /* TimeSelector.swift in Sources */,
				37B4B39026F50AA400A8FB07 /* Persistence.swift in Sources */,
				37682122270629CE00D06EBC /* ExamsList.swift in Sources */,
				37AB0CBC2706310B00E3BF3C /* ExamsHeader.swift in Sources */,
				37F5B0F426FA488800C3BA0A /* ToggleButton.swift in Sources */,
				37F5B0CD26F5AEA400C3BA0A /* AllCoursesGrid.swift in Sources */,
				37F5B0ED26F942FB00C3BA0A /* AppEnvironment.swift in Sources */,
				3768211A2704EC3900D06EBC /* TemplateCourseGridCell.swift in Sources */,
				37AB0CC32706496700E3BF3C /* TemplateExamCell.swift in Sources */,
				37F5B0D226F7A71A00C3BA0A /* AddCourseView.swift in Sources */,
				376A02B726FA87F40077297E /* CourseDetailHeader.swift in Sources */,
				37F5B0DA26F7DD3600C3BA0A /* InfoSection.swift in Sources */,
				37DB7F5A26FBA145007B1C0F /* ConditionalModifiers.swift in Sources */,
				37DB7F5F26FBB61C007B1C0F /* AssignmentsService.swift in Sources */,
				3768211C2704F74100D06EBC /* TemplateCourseCell.swift in Sources */,
				37B4B3A526F51B3D00A8FB07 /* Colors.swift in Sources */,
				3714C39D270277A0007A3FD2 /* CustomTabBar.swift in Sources */,
				37DB7F6226FBBE9D007B1C0F /* AddAssignmentView.swift in Sources */,
				37B4B39E26F50D7C00A8FB07 /* CoursesViewTitle.swift in Sources */,
				376684612702269E00F9BF58 /* CourseDetailViewModel.swift in Sources */,
				37AB0CBA27062CA200E3BF3C /* ExamService.swift in Sources */,
				37B4B39C26F50CA600A8FB07 /* HomeView.swift in Sources */,
				37AB0CBF270632CC00E3BF3C /* AddExamView.swift in Sources */,
				37B4B39326F50AA500A8FB07 /* StudyHelper.xcdatamodeld in Sources */,
				37DB7F5826FB9BF3007B1C0F /* CheckBox.swift in Sources */,
				37B4B3A226F51AC900A8FB07 /* CourseCell.swift in Sources */,
				37F5B0D426F7A91400C3BA0A /* InfoField.swift in Sources */,
				37F5B0F226FA47FF00C3BA0A /* WeekDaySelector.swift in Sources */,
				37DB7F6426FBC10E007B1C0F /* AddAssignmentHeader.swift in Sources */,
				37B4B38926F50AA100A8FB07 /* ContentView.swift in Sources */,
				37F5B0CF26F6268C00C3BA0A /* AllCoursesHeader.swift in Sources */,
				37DB7F5626FB9467007B1C0F /* AssignmentRow.swift in Sources */,
				3766845F2701664100F9BF58 /* CourseProgressTag.swift in Sources */,
				376A02B526FA85220077297E /* CourseDetailNavigationBar.swift in Sources */,
				37682124270629FC00D06EBC /* ExamCell.swift in Sources */,
				37B4B3A026F516D700A8FB07 /* CoursesScrollView.swift in Sources */,
				37DB7F6626FD178B007B1C0F /* IconSelector.swift in Sources */,
				37F5B0DE26F7F13E00C3BA0A /* CallToActionButton.swift in Sources */,
				37B4B3A726F5288200A8FB07 /* TimeManager.swift in Sources */,
				37B4B3A926F5365200A8FB07 /* DashboardProfileView.swift in Sources */,
				3768211E2704FBCC00D06EBC /* TemplateAssignmentRow.swift in Sources */,
				37B4B38726F50AA100A8FB07 /* StudyHelperApp.swift in Sources */,
				37AB0CC1270632D900E3BF3C /* AddExamHeader.swift in Sources */,
				37F5B0F026FA3DB300C3BA0A /* Banner.swift in Sources */,
				37F5B0CB26F5AAD400C3BA0A /* AllCoursesView.swift in Sources */,
				37DB7F5C26FBA6D4007B1C0F /* DueSoonHeader.swift in Sources */,
				37F5B0DC26F7EC9B00C3BA0A /* AddCourseHeader.swift in Sources */,
			);
			runOnlyForDeploymentPostprocessing = 0;
		};
/* End PBXSourcesBuildPhase section */

/* Begin XCBuildConfiguration section */
		37B4B39526F50AA500A8FB07 /* Debug */ = {
			isa = XCBuildConfiguration;
			buildSettings = {
				ALWAYS_SEARCH_USER_PATHS = NO;
				CLANG_ANALYZER_NONNULL = YES;
				CLANG_ANALYZER_NUMBER_OBJECT_CONVERSION = YES_AGGRESSIVE;
				CLANG_CXX_LANGUAGE_STANDARD = "gnu++14";
				CLANG_CXX_LIBRARY = "libc++";
				CLANG_ENABLE_MODULES = YES;
				CLANG_ENABLE_OBJC_ARC = YES;
				CLANG_ENABLE_OBJC_WEAK = YES;
				CLANG_WARN_BLOCK_CAPTURE_AUTORELEASING = YES;
				CLANG_WARN_BOOL_CONVERSION = YES;
				CLANG_WARN_COMMA = YES;
				CLANG_WARN_CONSTANT_CONVERSION = YES;
				CLANG_WARN_DEPRECATED_OBJC_IMPLEMENTATIONS = YES;
				CLANG_WARN_DIRECT_OBJC_ISA_USAGE = YES_ERROR;
				CLANG_WARN_DOCUMENTATION_COMMENTS = YES;
				CLANG_WARN_EMPTY_BODY = YES;
				CLANG_WARN_ENUM_CONVERSION = YES;
				CLANG_WARN_INFINITE_RECURSION = YES;
				CLANG_WARN_INT_CONVERSION = YES;
				CLANG_WARN_NON_LITERAL_NULL_CONVERSION = YES;
				CLANG_WARN_OBJC_IMPLICIT_RETAIN_SELF = YES;
				CLANG_WARN_OBJC_LITERAL_CONVERSION = YES;
				CLANG_WARN_OBJC_ROOT_CLASS = YES_ERROR;
				CLANG_WARN_QUOTED_INCLUDE_IN_FRAMEWORK_HEADER = YES;
				CLANG_WARN_RANGE_LOOP_ANALYSIS = YES;
				CLANG_WARN_STRICT_PROTOTYPES = YES;
				CLANG_WARN_SUSPICIOUS_MOVE = YES;
				CLANG_WARN_UNGUARDED_AVAILABILITY = YES_AGGRESSIVE;
				CLANG_WARN_UNREACHABLE_CODE = YES;
				CLANG_WARN__DUPLICATE_METHOD_MATCH = YES;
				COPY_PHASE_STRIP = NO;
				DEBUG_INFORMATION_FORMAT = dwarf;
				ENABLE_STRICT_OBJC_MSGSEND = YES;
				ENABLE_TESTABILITY = YES;
				GCC_C_LANGUAGE_STANDARD = gnu11;
				GCC_DYNAMIC_NO_PIC = NO;
				GCC_NO_COMMON_BLOCKS = YES;
				GCC_OPTIMIZATION_LEVEL = 0;
				GCC_PREPROCESSOR_DEFINITIONS = (
					"DEBUG=1",
					"$(inherited)",
				);
				GCC_WARN_64_TO_32_BIT_CONVERSION = YES;
				GCC_WARN_ABOUT_RETURN_TYPE = YES_ERROR;
				GCC_WARN_UNDECLARED_SELECTOR = YES;
				GCC_WARN_UNINITIALIZED_AUTOS = YES_AGGRESSIVE;
				GCC_WARN_UNUSED_FUNCTION = YES;
				GCC_WARN_UNUSED_VARIABLE = YES;
				IPHONEOS_DEPLOYMENT_TARGET = 14.5;
				MTL_ENABLE_DEBUG_INFO = INCLUDE_SOURCE;
				MTL_FAST_MATH = YES;
				ONLY_ACTIVE_ARCH = YES;
				SDKROOT = iphoneos;
				SWIFT_ACTIVE_COMPILATION_CONDITIONS = DEBUG;
				SWIFT_OPTIMIZATION_LEVEL = "-Onone";
			};
			name = Debug;
		};
		37B4B39626F50AA500A8FB07 /* Release */ = {
			isa = XCBuildConfiguration;
			buildSettings = {
				ALWAYS_SEARCH_USER_PATHS = NO;
				CLANG_ANALYZER_NONNULL = YES;
				CLANG_ANALYZER_NUMBER_OBJECT_CONVERSION = YES_AGGRESSIVE;
				CLANG_CXX_LANGUAGE_STANDARD = "gnu++14";
				CLANG_CXX_LIBRARY = "libc++";
				CLANG_ENABLE_MODULES = YES;
				CLANG_ENABLE_OBJC_ARC = YES;
				CLANG_ENABLE_OBJC_WEAK = YES;
				CLANG_WARN_BLOCK_CAPTURE_AUTORELEASING = YES;
				CLANG_WARN_BOOL_CONVERSION = YES;
				CLANG_WARN_COMMA = YES;
				CLANG_WARN_CONSTANT_CONVERSION = YES;
				CLANG_WARN_DEPRECATED_OBJC_IMPLEMENTATIONS = YES;
				CLANG_WARN_DIRECT_OBJC_ISA_USAGE = YES_ERROR;
				CLANG_WARN_DOCUMENTATION_COMMENTS = YES;
				CLANG_WARN_EMPTY_BODY = YES;
				CLANG_WARN_ENUM_CONVERSION = YES;
				CLANG_WARN_INFINITE_RECURSION = YES;
				CLANG_WARN_INT_CONVERSION = YES;
				CLANG_WARN_NON_LITERAL_NULL_CONVERSION = YES;
				CLANG_WARN_OBJC_IMPLICIT_RETAIN_SELF = YES;
				CLANG_WARN_OBJC_LITERAL_CONVERSION = YES;
				CLANG_WARN_OBJC_ROOT_CLASS = YES_ERROR;
				CLANG_WARN_QUOTED_INCLUDE_IN_FRAMEWORK_HEADER = YES;
				CLANG_WARN_RANGE_LOOP_ANALYSIS = YES;
				CLANG_WARN_STRICT_PROTOTYPES = YES;
				CLANG_WARN_SUSPICIOUS_MOVE = YES;
				CLANG_WARN_UNGUARDED_AVAILABILITY = YES_AGGRESSIVE;
				CLANG_WARN_UNREACHABLE_CODE = YES;
				CLANG_WARN__DUPLICATE_METHOD_MATCH = YES;
				COPY_PHASE_STRIP = NO;
				DEBUG_INFORMATION_FORMAT = "dwarf-with-dsym";
				ENABLE_NS_ASSERTIONS = NO;
				ENABLE_STRICT_OBJC_MSGSEND = YES;
				GCC_C_LANGUAGE_STANDARD = gnu11;
				GCC_NO_COMMON_BLOCKS = YES;
				GCC_WARN_64_TO_32_BIT_CONVERSION = YES;
				GCC_WARN_ABOUT_RETURN_TYPE = YES_ERROR;
				GCC_WARN_UNDECLARED_SELECTOR = YES;
				GCC_WARN_UNINITIALIZED_AUTOS = YES_AGGRESSIVE;
				GCC_WARN_UNUSED_FUNCTION = YES;
				GCC_WARN_UNUSED_VARIABLE = YES;
				IPHONEOS_DEPLOYMENT_TARGET = 14.5;
				MTL_ENABLE_DEBUG_INFO = NO;
				MTL_FAST_MATH = YES;
				SDKROOT = iphoneos;
				SWIFT_COMPILATION_MODE = wholemodule;
				SWIFT_OPTIMIZATION_LEVEL = "-O";
				VALIDATE_PRODUCT = YES;
			};
			name = Release;
		};
		37B4B39826F50AA500A8FB07 /* Debug */ = {
			isa = XCBuildConfiguration;
			buildSettings = {
				ASSETCATALOG_COMPILER_APPICON_NAME = AppIconNew;
				ASSETCATALOG_COMPILER_GLOBAL_ACCENT_COLOR_NAME = AccentColor;
				ASSETCATALOG_COMPILER_INCLUDE_ALL_APPICON_ASSETS = NO;
				CODE_SIGN_STYLE = Automatic;
				DEVELOPMENT_ASSET_PATHS = "\"StudyHelper/Preview Content\"";
				DEVELOPMENT_TEAM = 8V63N33U8R;
				ENABLE_PREVIEWS = YES;
				INFOPLIST_FILE = StudyHelper/Info.plist;
				IPHONEOS_DEPLOYMENT_TARGET = 14.0;
				LD_RUNPATH_SEARCH_PATHS = (
					"$(inherited)",
					"@executable_path/Frameworks",
				);
				PRODUCT_BUNDLE_IDENTIFIER = com.allenchung.StudyHelper;
				PRODUCT_NAME = "$(TARGET_NAME)";
				SWIFT_VERSION = 5.0;
				TARGETED_DEVICE_FAMILY = "1,2";
			};
			name = Debug;
		};
		37B4B39926F50AA500A8FB07 /* Release */ = {
			isa = XCBuildConfiguration;
			buildSettings = {
				ASSETCATALOG_COMPILER_APPICON_NAME = AppIconNew;
				ASSETCATALOG_COMPILER_GLOBAL_ACCENT_COLOR_NAME = AccentColor;
				ASSETCATALOG_COMPILER_INCLUDE_ALL_APPICON_ASSETS = NO;
				CODE_SIGN_STYLE = Automatic;
				DEVELOPMENT_ASSET_PATHS = "\"StudyHelper/Preview Content\"";
				DEVELOPMENT_TEAM = 8V63N33U8R;
				ENABLE_PREVIEWS = YES;
				INFOPLIST_FILE = StudyHelper/Info.plist;
				IPHONEOS_DEPLOYMENT_TARGET = 14.0;
				LD_RUNPATH_SEARCH_PATHS = (
					"$(inherited)",
					"@executable_path/Frameworks",
				);
				PRODUCT_BUNDLE_IDENTIFIER = com.allenchung.StudyHelper;
				PRODUCT_NAME = "$(TARGET_NAME)";
				SWIFT_VERSION = 5.0;
				TARGETED_DEVICE_FAMILY = "1,2";
			};
			name = Release;
		};
/* End XCBuildConfiguration section */

/* Begin XCConfigurationList section */
		37B4B37E26F50AA100A8FB07 /* Build configuration list for PBXProject "StudyHelper" */ = {
			isa = XCConfigurationList;
			buildConfigurations = (
				37B4B39526F50AA500A8FB07 /* Debug */,
				37B4B39626F50AA500A8FB07 /* Release */,
			);
			defaultConfigurationIsVisible = 0;
			defaultConfigurationName = Release;
		};
		37B4B39726F50AA500A8FB07 /* Build configuration list for PBXNativeTarget "StudyHelper" */ = {
			isa = XCConfigurationList;
			buildConfigurations = (
				37B4B39826F50AA500A8FB07 /* Debug */,
				37B4B39926F50AA500A8FB07 /* Release */,
			);
			defaultConfigurationIsVisible = 0;
			defaultConfigurationName = Release;
		};
/* End XCConfigurationList section */

/* Begin XCVersionGroup section */
		37B4B39126F50AA500A8FB07 /* StudyHelper.xcdatamodeld */ = {
			isa = XCVersionGroup;
			children = (
				37B4B39226F50AA500A8FB07 /* StudyHelper.xcdatamodel */,
			);
			currentVersion = 37B4B39226F50AA500A8FB07 /* StudyHelper.xcdatamodel */;
			path = StudyHelper.xcdatamodeld;
			sourceTree = "<group>";
			versionGroupType = wrapper.xcdatamodel;
		};
/* End XCVersionGroup section */
	};
	rootObject = 37B4B37B26F50AA100A8FB07 /* Project object */;
}
